// !$*UTF8*$!
{
	archiveVersion = 1;
	classes = {
	};
	objectVersion = 55;
	objects = {

/* Begin PBXBuildFile section */
		59D76A82269FB8A100BF5267 /* Tests_iOS.swift in Sources */ = {isa = PBXBuildFile; fileRef = 59D76A81269FB8A100BF5267 /* Tests_iOS.swift */; };
		59D76A8C269FB8A100BF5267 /* Tests_macOS.swift in Sources */ = {isa = PBXBuildFile; fileRef = 59D76A8B269FB8A100BF5267 /* Tests_macOS.swift */; };
		59D76A8D269FB8A100BF5267 /* Module_2_FinalApp.swift in Sources */ = {isa = PBXBuildFile; fileRef = 59D76A6B269FB89C00BF5267 /* Module_2_FinalApp.swift */; };
		59D76A8E269FB8A100BF5267 /* Module_2_FinalApp.swift in Sources */ = {isa = PBXBuildFile; fileRef = 59D76A6B269FB89C00BF5267 /* Module_2_FinalApp.swift */; };
		59D76A8F269FB8A100BF5267 /* ContentView.swift in Sources */ = {isa = PBXBuildFile; fileRef = 59D76A6C269FB89C00BF5267 /* ContentView.swift */; };
		59D76A90269FB8A100BF5267 /* ContentView.swift in Sources */ = {isa = PBXBuildFile; fileRef = 59D76A6C269FB89C00BF5267 /* ContentView.swift */; };
		59D76A91269FB8A100BF5267 /* Assets.xcassets in Resources */ = {isa = PBXBuildFile; fileRef = 59D76A6D269FB8A100BF5267 /* Assets.xcassets */; };
		59D76A92269FB8A100BF5267 /* Assets.xcassets in Resources */ = {isa = PBXBuildFile; fileRef = 59D76A6D269FB8A100BF5267 /* Assets.xcassets */; };
/* End PBXBuildFile section */

/* Begin PBXContainerItemProxy section */
		59D76A7E269FB8A100BF5267 /* PBXContainerItemProxy */ = {
			isa = PBXContainerItemProxy;
			containerPortal = 59D76A66269FB89C00BF5267 /* Project object */;
			proxyType = 1;
			remoteGlobalIDString = 59D76A71269FB8A100BF5267;
			remoteInfo = "Module-2-Final (iOS)";
		};
		59D76A88269FB8A100BF5267 /* PBXContainerItemProxy */ = {
			isa = PBXContainerItemProxy;
			containerPortal = 59D76A66269FB89C00BF5267 /* Project object */;
			proxyType = 1;
			remoteGlobalIDString = 59D76A77269FB8A100BF5267;
			remoteInfo = "Module-2-Final (macOS)";
		};
/* End PBXContainerItemProxy section */

/* Begin PBXFileReference section */
		59D76A6B269FB89C00BF5267 /* Module_2_FinalApp.swift */ = {isa = PBXFileReference; lastKnownFileType = sourcecode.swift; path = Module_2_FinalApp.swift; sourceTree = "<group>"; };
		59D76A6C269FB89C00BF5267 /* ContentView.swift */ = {isa = PBXFileReference; lastKnownFileType = sourcecode.swift; path = ContentView.swift; sourceTree = "<group>"; };
		59D76A6D269FB8A100BF5267 /* Assets.xcassets */ = {isa = PBXFileReference; lastKnownFileType = folder.assetcatalog; path = Assets.xcassets; sourceTree = "<group>"; };
		59D76A72269FB8A100BF5267 /* Module-2-Final.app */ = {isa = PBXFileReference; explicitFileType = wrapper.application; includeInIndex = 0; path = "Module-2-Final.app"; sourceTree = BUILT_PRODUCTS_DIR; };
		59D76A78269FB8A100BF5267 /* Module-2-Final.app */ = {isa = PBXFileReference; explicitFileType = wrapper.application; includeInIndex = 0; path = "Module-2-Final.app"; sourceTree = BUILT_PRODUCTS_DIR; };
		59D76A7D269FB8A100BF5267 /* Tests iOS.xctest */ = {isa = PBXFileReference; explicitFileType = wrapper.cfbundle; includeInIndex = 0; path = "Tests iOS.xctest"; sourceTree = BUILT_PRODUCTS_DIR; };
		59D76A81269FB8A100BF5267 /* Tests_iOS.swift */ = {isa = PBXFileReference; lastKnownFileType = sourcecode.swift; path = Tests_iOS.swift; sourceTree = "<group>"; };
		59D76A87269FB8A100BF5267 /* Tests macOS.xctest */ = {isa = PBXFileReference; explicitFileType = wrapper.cfbundle; includeInIndex = 0; path = "Tests macOS.xctest"; sourceTree = BUILT_PRODUCTS_DIR; };
		59D76A8B269FB8A100BF5267 /* Tests_macOS.swift */ = {isa = PBXFileReference; lastKnownFileType = sourcecode.swift; path = Tests_macOS.swift; sourceTree = "<group>"; };
/* End PBXFileReference section */

/* Begin PBXFrameworksBuildPhase section */
		59D76A6F269FB8A100BF5267 /* Frameworks */ = {
			isa = PBXFrameworksBuildPhase;
			buildActionMask = 2147483647;
			files = (
			);
			runOnlyForDeploymentPostprocessing = 0;
		};
		59D76A75269FB8A100BF5267 /* Frameworks */ = {
			isa = PBXFrameworksBuildPhase;
			buildActionMask = 2147483647;
			files = (
			);
			runOnlyForDeploymentPostprocessing = 0;
		};
		59D76A7A269FB8A100BF5267 /* Frameworks */ = {
			isa = PBXFrameworksBuildPhase;
			buildActionMask = 2147483647;
			files = (
			);
			runOnlyForDeploymentPostprocessing = 0;
		};
		59D76A84269FB8A100BF5267 /* Frameworks */ = {
			isa = PBXFrameworksBuildPhase;
			buildActionMask = 2147483647;
			files = (
			);
			runOnlyForDeploymentPostprocessing = 0;
		};
/* End PBXFrameworksBuildPhase section */

/* Begin PBXGroup section */
		59D76A65269FB89C00BF5267 = {
			isa = PBXGroup;
			children = (
				59D76A6A269FB89C00BF5267 /* Shared */,
				59D76A80269FB8A100BF5267 /* Tests iOS */,
				59D76A8A269FB8A100BF5267 /* Tests macOS */,
				59D76A73269FB8A100BF5267 /* Products */,
			);
			sourceTree = "<group>";
		};
		59D76A6A269FB89C00BF5267 /* Shared */ = {
			isa = PBXGroup;
			children = (
				59D76A6B269FB89C00BF5267 /* Module_2_FinalApp.swift */,
				59D76A6C269FB89C00BF5267 /* ContentView.swift */,
				59D76A6D269FB8A100BF5267 /* Assets.xcassets */,
			);
			path = Shared;
			sourceTree = "<group>";
		};
		59D76A73269FB8A100BF5267 /* Products */ = {
			isa = PBXGroup;
			children = (
				59D76A72269FB8A100BF5267 /* Module-2-Final.app */,
				59D76A78269FB8A100BF5267 /* Module-2-Final.app */,
				59D76A7D269FB8A100BF5267 /* Tests iOS.xctest */,
				59D76A87269FB8A100BF5267 /* Tests macOS.xctest */,
			);
			name = Products;
			sourceTree = "<group>";
		};
		59D76A80269FB8A100BF5267 /* Tests iOS */ = {
			isa = PBXGroup;
			children = (
				59D76A81269FB8A100BF5267 /* Tests_iOS.swift */,
			);
			path = "Tests iOS";
			sourceTree = "<group>";
		};
		59D76A8A269FB8A100BF5267 /* Tests macOS */ = {
			isa = PBXGroup;
			children = (
				59D76A8B269FB8A100BF5267 /* Tests_macOS.swift */,
			);
			path = "Tests macOS";
			sourceTree = "<group>";
		};
/* End PBXGroup section */

/* Begin PBXNativeTarget section */
		59D76A71269FB8A100BF5267 /* Module-2-Final (iOS) */ = {
			isa = PBXNativeTarget;
			buildConfigurationList = 59D76A95269FB8A100BF5267 /* Build configuration list for PBXNativeTarget "Module-2-Final (iOS)" */;
			buildPhases = (
				59D76A6E269FB8A100BF5267 /* Sources */,
				59D76A6F269FB8A100BF5267 /* Frameworks */,
				59D76A70269FB8A100BF5267 /* Resources */,
			);
			buildRules = (
			);
			dependencies = (
			);
			name = "Module-2-Final (iOS)";
			productName = "Module-2-Final (iOS)";
			productReference = 59D76A72269FB8A100BF5267 /* Module-2-Final.app */;
			productType = "com.apple.product-type.application";
		};
		59D76A77269FB8A100BF5267 /* Module-2-Final (macOS) */ = {
			isa = PBXNativeTarget;
			buildConfigurationList = 59D76A98269FB8A100BF5267 /* Build configuration list for PBXNativeTarget "Module-2-Final (macOS)" */;
			buildPhases = (
				59D76A74269FB8A100BF5267 /* Sources */,
				59D76A75269FB8A100BF5267 /* Frameworks */,
				59D76A76269FB8A100BF5267 /* Resources */,
			);
			buildRules = (
			);
			dependencies = (
			);
			name = "Module-2-Final (macOS)";
			productName = "Module-2-Final (macOS)";
			productReference = 59D76A78269FB8A100BF5267 /* Module-2-Final.app */;
			productType = "com.apple.product-type.application";
		};
		59D76A7C269FB8A100BF5267 /* Tests iOS */ = {
			isa = PBXNativeTarget;
			buildConfigurationList = 59D76A9B269FB8A100BF5267 /* Build configuration list for PBXNativeTarget "Tests iOS" */;
			buildPhases = (
				59D76A79269FB8A100BF5267 /* Sources */,
				59D76A7A269FB8A100BF5267 /* Frameworks */,
				59D76A7B269FB8A100BF5267 /* Resources */,
			);
			buildRules = (
			);
			dependencies = (
				59D76A7F269FB8A100BF5267 /* PBXTargetDependency */,
			);
			name = "Tests iOS";
			productName = "Tests iOS";
			productReference = 59D76A7D269FB8A100BF5267 /* Tests iOS.xctest */;
			productType = "com.apple.product-type.bundle.ui-testing";
		};
		59D76A86269FB8A100BF5267 /* Tests macOS */ = {
			isa = PBXNativeTarget;
			buildConfigurationList = 59D76A9E269FB8A100BF5267 /* Build configuration list for PBXNativeTarget "Tests macOS" */;
			buildPhases = (
				59D76A83269FB8A100BF5267 /* Sources */,
				59D76A84269FB8A100BF5267 /* Frameworks */,
				59D76A85269FB8A100BF5267 /* Resources */,
			);
			buildRules = (
			);
			dependencies = (
				59D76A89269FB8A100BF5267 /* PBXTargetDependency */,
			);
			name = "Tests macOS";
			productName = "Tests macOS";
			productReference = 59D76A87269FB8A100BF5267 /* Tests macOS.xctest */;
			productType = "com.apple.product-type.bundle.ui-testing";
		};
/* End PBXNativeTarget section */

/* Begin PBXProject section */
		59D76A66269FB89C00BF5267 /* Project object */ = {
			isa = PBXProject;
			attributes = {
				BuildIndependentTargetsInParallel = 1;
				LastSwiftUpdateCheck = 1300;
				LastUpgradeCheck = 1300;
				TargetAttributes = {
					59D76A71269FB8A100BF5267 = {
						CreatedOnToolsVersion = 13.0;
					};
					59D76A77269FB8A100BF5267 = {
						CreatedOnToolsVersion = 13.0;
					};
					59D76A7C269FB8A100BF5267 = {
						CreatedOnToolsVersion = 13.0;
						TestTargetID = 59D76A71269FB8A100BF5267;
					};
					59D76A86269FB8A100BF5267 = {
						CreatedOnToolsVersion = 13.0;
						TestTargetID = 59D76A77269FB8A100BF5267;
					};
				};
			};
			buildConfigurationList = 59D76A69269FB89C00BF5267 /* Build configuration list for PBXProject "Module-2-Final" */;
			compatibilityVersion = "Xcode 13.0";
			developmentRegion = en;
			hasScannedForEncodings = 0;
			knownRegions = (
				en,
				Base,
			);
			mainGroup = 59D76A65269FB89C00BF5267;
			productRefGroup = 59D76A73269FB8A100BF5267 /* Products */;
			projectDirPath = "";
			projectRoot = "";
			targets = (
				59D76A71269FB8A100BF5267 /* Module-2-Final (iOS) */,
				59D76A77269FB8A100BF5267 /* Module-2-Final (macOS) */,
				59D76A7C269FB8A100BF5267 /* Tests iOS */,
				59D76A86269FB8A100BF5267 /* Tests macOS */,
			);
		};
/* End PBXProject section */

/* Begin PBXResourcesBuildPhase section */
		59D76A70269FB8A100BF5267 /* Resources */ = {
			isa = PBXResourcesBuildPhase;
			buildActionMask = 2147483647;
			files = (
				59D76A91269FB8A100BF5267 /* Assets.xcassets in Resources */,
			);
			runOnlyForDeploymentPostprocessing = 0;
		};
		59D76A76269FB8A100BF5267 /* Resources */ = {
			isa = PBXResourcesBuildPhase;
			buildActionMask = 2147483647;
			files = (
				59D76A92269FB8A100BF5267 /* Assets.xcassets in Resources */,
			);
			runOnlyForDeploymentPostprocessing = 0;
		};
		59D76A7B269FB8A100BF5267 /* Resources */ = {
			isa = PBXResourcesBuildPhase;
			buildActionMask = 2147483647;
			files = (
			);
			runOnlyForDeploymentPostprocessing = 0;
		};
		59D76A85269FB8A100BF5267 /* Resources */ = {
			isa = PBXResourcesBuildPhase;
			buildActionMask = 2147483647;
			files = (
			);
			runOnlyForDeploymentPostprocessing = 0;
		};
/* End PBXResourcesBuildPhase section */

/* Begin PBXSourcesBuildPhase section */
		59D76A6E269FB8A100BF5267 /* Sources */ = {
			isa = PBXSourcesBuildPhase;
			buildActionMask = 2147483647;
			files = (
				59D76A8F269FB8A100BF5267 /* ContentView.swift in Sources */,
				59D76A8D269FB8A100BF5267 /* Module_2_FinalApp.swift in Sources */,
			);
			runOnlyForDeploymentPostprocessing = 0;
		};
		59D76A74269FB8A100BF5267 /* Sources */ = {
			isa = PBXSourcesBuildPhase;
			buildActionMask = 2147483647;
			files = (
				59D76A90269FB8A100BF5267 /* ContentView.swift in Sources */,
				59D76A8E269FB8A100BF5267 /* Module_2_FinalApp.swift in Sources */,
			);
			runOnlyForDeploymentPostprocessing = 0;
		};
		59D76A79269FB8A100BF5267 /* Sources */ = {
			isa = PBXSourcesBuildPhase;
			buildActionMask = 2147483647;
			files = (
				59D76A82269FB8A100BF5267 /* Tests_iOS.swift in Sources */,
			);
			runOnlyForDeploymentPostprocessing = 0;
		};
		59D76A83269FB8A100BF5267 /* Sources */ = {
			isa = PBXSourcesBuildPhase;
			buildActionMask = 2147483647;
			files = (
				59D76A8C269FB8A100BF5267 /* Tests_macOS.swift in Sources */,
			);
			runOnlyForDeploymentPostprocessing = 0;
		};
/* End PBXSourcesBuildPhase section */

/* Begin PBXTargetDependency section */
		59D76A7F269FB8A100BF5267 /* PBXTargetDependency */ = {
			isa = PBXTargetDependency;
			target = 59D76A71269FB8A100BF5267 /* Module-2-Final (iOS) */;
			targetProxy = 59D76A7E269FB8A100BF5267 /* PBXContainerItemProxy */;
		};
		59D76A89269FB8A100BF5267 /* PBXTargetDependency */ = {
			isa = PBXTargetDependency;
			target = 59D76A77269FB8A100BF5267 /* Module-2-Final (macOS) */;
			targetProxy = 59D76A88269FB8A100BF5267 /* PBXContainerItemProxy */;
		};
/* End PBXTargetDependency section */

/* Begin XCBuildConfiguration section */
		59D76A93269FB8A100BF5267 /* Debug */ = {
			isa = XCBuildConfiguration;
			buildSettings = {
				ALWAYS_SEARCH_USER_PATHS = NO;
				CLANG_ANALYZER_NONNULL = YES;
				CLANG_ANALYZER_NUMBER_OBJECT_CONVERSION = YES_AGGRESSIVE;
				CLANG_CXX_LANGUAGE_STANDARD = "gnu++14";
				CLANG_CXX_LIBRARY = "libc++";
				CLANG_ENABLE_MODULES = YES;
				CLANG_ENABLE_OBJC_ARC = YES;
				CLANG_ENABLE_OBJC_WEAK = YES;
				CLANG_WARN_BLOCK_CAPTURE_AUTORELEASING = YES;
				CLANG_WARN_BOOL_CONVERSION = YES;
				CLANG_WARN_COMMA = YES;
				CLANG_WARN_CONSTANT_CONVERSION = YES;
				CLANG_WARN_DEPRECATED_OBJC_IMPLEMENTATIONS = YES;
				CLANG_WARN_DIRECT_OBJC_ISA_USAGE = YES_ERROR;
				CLANG_WARN_DOCUMENTATION_COMMENTS = YES;
				CLANG_WARN_EMPTY_BODY = YES;
				CLANG_WARN_ENUM_CONVERSION = YES;
				CLANG_WARN_INFINITE_RECURSION = YES;
				CLANG_WARN_INT_CONVERSION = YES;
				CLANG_WARN_NON_LITERAL_NULL_CONVERSION = YES;
				CLANG_WARN_OBJC_IMPLICIT_RETAIN_SELF = YES;
				CLANG_WARN_OBJC_LITERAL_CONVERSION = YES;
				CLANG_WARN_OBJC_ROOT_CLASS = YES_ERROR;
				CLANG_WARN_QUOTED_INCLUDE_IN_FRAMEWORK_HEADER = YES;
				CLANG_WARN_RANGE_LOOP_ANALYSIS = YES;
				CLANG_WARN_STRICT_PROTOTYPES = YES;
				CLANG_WARN_SUSPICIOUS_MOVE = YES;
				CLANG_WARN_UNGUARDED_AVAILABILITY = YES_AGGRESSIVE;
				CLANG_WARN_UNREACHABLE_CODE = YES;
				CLANG_WARN__DUPLICATE_METHOD_MATCH = YES;
				COPY_PHASE_STRIP = NO;
				DEBUG_INFORMATION_FORMAT = dwarf;
				ENABLE_STRICT_OBJC_MSGSEND = YES;
				ENABLE_TESTABILITY = YES;
				GCC_C_LANGUAGE_STANDARD = gnu11;
				GCC_DYNAMIC_NO_PIC = NO;
				GCC_NO_COMMON_BLOCKS = YES;
				GCC_OPTIMIZATION_LEVEL = 0;
				GCC_PREPROCESSOR_DEFINITIONS = (
					"DEBUG=1",
					"$(inherited)",
				);
				GCC_WARN_64_TO_32_BIT_CONVERSION = YES;
				GCC_WARN_ABOUT_RETURN_TYPE = YES_ERROR;
				GCC_WARN_UNDECLARED_SELECTOR = YES;
				GCC_WARN_UNINITIALIZED_AUTOS = YES_AGGRESSIVE;
				GCC_WARN_UNUSED_FUNCTION = YES;
				GCC_WARN_UNUSED_VARIABLE = YES;
				MTL_ENABLE_DEBUG_INFO = INCLUDE_SOURCE;
				MTL_FAST_MATH = YES;
				ONLY_ACTIVE_ARCH = YES;
				SWIFT_ACTIVE_COMPILATION_CONDITIONS = DEBUG;
				SWIFT_OPTIMIZATION_LEVEL = "-Onone";
			};
			name = Debug;
		};
		59D76A94269FB8A100BF5267 /* Release */ = {
			isa = XCBuildConfiguration;
			buildSettings = {
				ALWAYS_SEARCH_USER_PATHS = NO;
				CLANG_ANALYZER_NONNULL = YES;
				CLANG_ANALYZER_NUMBER_OBJECT_CONVERSION = YES_AGGRESSIVE;
				CLANG_CXX_LANGUAGE_STANDARD = "gnu++14";
				CLANG_CXX_LIBRARY = "libc++";
				CLANG_ENABLE_MODULES = YES;
				CLANG_ENABLE_OBJC_ARC = YES;
				CLANG_ENABLE_OBJC_WEAK = YES;
				CLANG_WARN_BLOCK_CAPTURE_AUTORELEASING = YES;
				CLANG_WARN_BOOL_CONVERSION = YES;
				CLANG_WARN_COMMA = YES;
				CLANG_WARN_CONSTANT_CONVERSION = YES;
				CLANG_WARN_DEPRECATED_OBJC_IMPLEMENTATIONS = YES;
				CLANG_WARN_DIRECT_OBJC_ISA_USAGE = YES_ERROR;
				CLANG_WARN_DOCUMENTATION_COMMENTS = YES;
				CLANG_WARN_EMPTY_BODY = YES;
				CLANG_WARN_ENUM_CONVERSION = YES;
				CLANG_WARN_INFINITE_RECURSION = YES;
				CLANG_WARN_INT_CONVERSION = YES;
				CLANG_WARN_NON_LITERAL_NULL_CONVERSION = YES;
				CLANG_WARN_OBJC_IMPLICIT_RETAIN_SELF = YES;
				CLANG_WARN_OBJC_LITERAL_CONVERSION = YES;
				CLANG_WARN_OBJC_ROOT_CLASS = YES_ERROR;
				CLANG_WARN_QUOTED_INCLUDE_IN_FRAMEWORK_HEADER = YES;
				CLANG_WARN_RANGE_LOOP_ANALYSIS = YES;
				CLANG_WARN_STRICT_PROTOTYPES = YES;
				CLANG_WARN_SUSPICIOUS_MOVE = YES;
				CLANG_WARN_UNGUARDED_AVAILABILITY = YES_AGGRESSIVE;
				CLANG_WARN_UNREACHABLE_CODE = YES;
				CLANG_WARN__DUPLICATE_METHOD_MATCH = YES;
				COPY_PHASE_STRIP = NO;
				DEBUG_INFORMATION_FORMAT = "dwarf-with-dsym";
				ENABLE_NS_ASSERTIONS = NO;
				ENABLE_STRICT_OBJC_MSGSEND = YES;
				GCC_C_LANGUAGE_STANDARD = gnu11;
				GCC_NO_COMMON_BLOCKS = YES;
				GCC_WARN_64_TO_32_BIT_CONVERSION = YES;
				GCC_WARN_ABOUT_RETURN_TYPE = YES_ERROR;
				GCC_WARN_UNDECLARED_SELECTOR = YES;
				GCC_WARN_UNINITIALIZED_AUTOS = YES_AGGRESSIVE;
				GCC_WARN_UNUSED_FUNCTION = YES;
				GCC_WARN_UNUSED_VARIABLE = YES;
				MTL_ENABLE_DEBUG_INFO = NO;
				MTL_FAST_MATH = YES;
				SWIFT_COMPILATION_MODE = wholemodule;
				SWIFT_OPTIMIZATION_LEVEL = "-O";
			};
			name = Release;
		};
		59D76A96269FB8A100BF5267 /* Debug */ = {
			isa = XCBuildConfiguration;
			buildSettings = {
				ASSETCATALOG_COMPILER_APPICON_NAME = AppIcon;
				ASSETCATALOG_COMPILER_GLOBAL_ACCENT_COLOR_NAME = AccentColor;
				CODE_SIGN_STYLE = Automatic;
				CURRENT_PROJECT_VERSION = 1;
				DEVELOPMENT_TEAM = AN3AD57NU8;
				ENABLE_PREVIEWS = YES;
				GENERATE_INFOPLIST_FILE = YES;
				INFOPLIST_KEY_UIApplicationSceneManifest_Generation = YES;
				INFOPLIST_KEY_UIApplicationSupportsIndirectInputEvents = YES;
				INFOPLIST_KEY_UILaunchScreen_Generation = YES;
				INFOPLIST_KEY_UISupportedInterfaceOrientations_iPad = "UIInterfaceOrientationPortrait UIInterfaceOrientationPortraitUpsideDown UIInterfaceOrientationLandscapeLeft UIInterfaceOrientationLandscapeRight";
				INFOPLIST_KEY_UISupportedInterfaceOrientations_iPhone = "UIInterfaceOrientationPortrait UIInterfaceOrientationLandscapeLeft UIInterfaceOrientationLandscapeRight";
				IPHONEOS_DEPLOYMENT_TARGET = 14.0;
				LD_RUNPATH_SEARCH_PATHS = (
					"$(inherited)",
					"@executable_path/Frameworks",
				);
				MARKETING_VERSION = 1.0;
				PRODUCT_BUNDLE_IDENTIFIER = "TD.Module-2-Final";
				PRODUCT_NAME = "Module-2-Final";
				SDKROOT = iphoneos;
				SWIFT_EMIT_LOC_STRINGS = YES;
				SWIFT_VERSION = 5.0;
				TARGETED_DEVICE_FAMILY = "1,2";
			};
			name = Debug;
		};
		59D76A97269FB8A100BF5267 /* Release */ = {
			isa = XCBuildConfiguration;
			buildSettings = {
				ASSETCATALOG_COMPILER_APPICON_NAME = AppIcon;
				ASSETCATALOG_COMPILER_GLOBAL_ACCENT_COLOR_NAME = AccentColor;
				CODE_SIGN_STYLE = Automatic;
				CURRENT_PROJECT_VERSION = 1;
				DEVELOPMENT_TEAM = AN3AD57NU8;
				ENABLE_PREVIEWS = YES;
				GENERATE_INFOPLIST_FILE = YES;
				INFOPLIST_KEY_UIApplicationSceneManifest_Generation = YES;
				INFOPLIST_KEY_UIApplicationSupportsIndirectInputEvents = YES;
				INFOPLIST_KEY_UILaunchScreen_Generation = YES;
				INFOPLIST_KEY_UISupportedInterfaceOrientations_iPad = "UIInterfaceOrientationPortrait UIInterfaceOrientationPortraitUpsideDown UIInterfaceOrientationLandscapeLeft UIInterfaceOrientationLandscapeRight";
				INFOPLIST_KEY_UISupportedInterfaceOrientations_iPhone = "UIInterfaceOrientationPortrait UIInterfaceOrientationLandscapeLeft UIInterfaceOrientationLandscapeRight";
				IPHONEOS_DEPLOYMENT_TARGET = 14.0;
				LD_RUNPATH_SEARCH_PATHS = (
					"$(inherited)",
					"@executable_path/Frameworks",
				);
				MARKETING_VERSION = 1.0;
				PRODUCT_BUNDLE_IDENTIFIER = "TD.Module-2-Final";
				PRODUCT_NAME = "Module-2-Final";
				SDKROOT = iphoneos;
				SWIFT_EMIT_LOC_STRINGS = YES;
				SWIFT_VERSION = 5.0;
				TARGETED_DEVICE_FAMILY = "1,2";
				VALIDATE_PRODUCT = YES;
			};
			name = Release;
		};
		59D76A99269FB8A100BF5267 /* Debug */ = {
			isa = XCBuildConfiguration;
			buildSettings = {
				ASSETCATALOG_COMPILER_APPICON_NAME = AppIcon;
				ASSETCATALOG_COMPILER_GLOBAL_ACCENT_COLOR_NAME = AccentColor;
				CODE_SIGN_STYLE = Automatic;
				COMBINE_HIDPI_IMAGES = YES;
				CURRENT_PROJECT_VERSION = 1;
				DEVELOPMENT_TEAM = AN3AD57NU8;
				ENABLE_APP_SANDBOX = YES;
				ENABLE_HARDENED_RUNTIME = YES;
				ENABLE_PREVIEWS = YES;
				ENABLE_USER_SELECTED_FILES = readonly;
				GENERATE_INFOPLIST_FILE = YES;
				INFOPLIST_KEY_NSHumanReadableCopyright = "";
				LD_RUNPATH_SEARCH_PATHS = (
					"$(inherited)",
					"@executable_path/../Frameworks",
				);
				MACOSX_DEPLOYMENT_TARGET = 11.0;
				MARKETING_VERSION = 1.0;
				PRODUCT_BUNDLE_IDENTIFIER = "TD.Module-2-Final";
				PRODUCT_NAME = "Module-2-Final";
				SDKROOT = macosx;
				SWIFT_EMIT_LOC_STRINGS = YES;
				SWIFT_VERSION = 5.0;
			};
			name = Debug;
		};
		59D76A9A269FB8A100BF5267 /* Release */ = {
			isa = XCBuildConfiguration;
			buildSettings = {
				ASSETCATALOG_COMPILER_APPICON_NAME = AppIcon;
				ASSETCATALOG_COMPILER_GLOBAL_ACCENT_COLOR_NAME = AccentColor;
				CODE_SIGN_STYLE = Automatic;
				COMBINE_HIDPI_IMAGES = YES;
				CURRENT_PROJECT_VERSION = 1;
				DEVELOPMENT_TEAM = AN3AD57NU8;
				ENABLE_APP_SANDBOX = YES;
				ENABLE_HARDENED_RUNTIME = YES;
				ENABLE_PREVIEWS = YES;
				ENABLE_USER_SELECTED_FILES = readonly;
				GENERATE_INFOPLIST_FILE = YES;
				INFOPLIST_KEY_NSHumanReadableCopyright = "";
				LD_RUNPATH_SEARCH_PATHS = (
					"$(inherited)",
					"@executable_path/../Frameworks",
				);
				MACOSX_DEPLOYMENT_TARGET = 11.0;
				MARKETING_VERSION = 1.0;
				PRODUCT_BUNDLE_IDENTIFIER = "TD.Module-2-Final";
				PRODUCT_NAME = "Module-2-Final";
				SDKROOT = macosx;
				SWIFT_EMIT_LOC_STRINGS = YES;
				SWIFT_VERSION = 5.0;
			};
			name = Release;
		};
		59D76A9C269FB8A100BF5267 /* Debug */ = {
			isa = XCBuildConfiguration;
			buildSettings = {
				ALWAYS_EMBED_SWIFT_STANDARD_LIBRARIES = YES;
				CODE_SIGN_STYLE = Automatic;
				CURRENT_PROJECT_VERSION = 1;
				DEVELOPMENT_TEAM = AN3AD57NU8;
				GENERATE_INFOPLIST_FILE = YES;
				IPHONEOS_DEPLOYMENT_TARGET = 15.0;
				LD_RUNPATH_SEARCH_PATHS = (
					"$(inherited)",
					"@executable_path/Frameworks",
					"@loader_path/Frameworks",
				);
				MARKETING_VERSION = 1.0;
				PRODUCT_BUNDLE_IDENTIFIER = "TD.Tests-iOS";
				PRODUCT_NAME = "$(TARGET_NAME)";
				SDKROOT = iphoneos;
				SWIFT_EMIT_LOC_STRINGS = NO;
				SWIFT_VERSION = 5.0;
				TARGETED_DEVICE_FAMILY = "1,2";
				TEST_TARGET_NAME = "Module-2-Final (iOS)";
			};
			name = Debug;
		};
		59D76A9D269FB8A100BF5267 /* Release */ = {
			isa = XCBuildConfiguration;
			buildSettings = {
				ALWAYS_EMBED_SWIFT_STANDARD_LIBRARIES = YES;
				CODE_SIGN_STYLE = Automatic;
				CURRENT_PROJECT_VERSION = 1;
				DEVELOPMENT_TEAM = AN3AD57NU8;
				GENERATE_INFOPLIST_FILE = YES;
				IPHONEOS_DEPLOYMENT_TARGET = 15.0;
				LD_RUNPATH_SEARCH_PATHS = (
					"$(inherited)",
					"@executable_path/Frameworks",
					"@loader_path/Frameworks",
				);
				MARKETING_VERSION = 1.0;
				PRODUCT_BUNDLE_IDENTIFIER = "TD.Tests-iOS";
				PRODUCT_NAME = "$(TARGET_NAME)";
				SDKROOT = iphoneos;
				SWIFT_EMIT_LOC_STRINGS = NO;
				SWIFT_VERSION = 5.0;
				TARGETED_DEVICE_FAMILY = "1,2";
				TEST_TARGET_NAME = "Module-2-Final (iOS)";
				VALIDATE_PRODUCT = YES;
			};
			name = Release;
		};
		59D76A9F269FB8A100BF5267 /* Debug */ = {
			isa = XCBuildConfiguration;
			buildSettings = {
				ALWAYS_EMBED_SWIFT_STANDARD_LIBRARIES = YES;
				CODE_SIGN_STYLE = Automatic;
				COMBINE_HIDPI_IMAGES = YES;
				CURRENT_PROJECT_VERSION = 1;
				DEVELOPMENT_TEAM = AN3AD57NU8;
				GENERATE_INFOPLIST_FILE = YES;
				LD_RUNPATH_SEARCH_PATHS = (
					"$(inherited)",
					"@executable_path/../Frameworks",
					"@loader_path/../Frameworks",
				);
				MACOSX_DEPLOYMENT_TARGET = 11.4;
				MARKETING_VERSION = 1.0;
				PRODUCT_BUNDLE_IDENTIFIER = "TD.Tests-macOS";
				PRODUCT_NAME = "$(TARGET_NAME)";
				SDKROOT = macosx;
				SWIFT_EMIT_LOC_STRINGS = NO;
				SWIFT_VERSION = 5.0;
				TEST_TARGET_NAME = "Module-2-Final (macOS)";
			};
			name = Debug;
		};
		59D76AA0269FB8A100BF5267 /* Release */ = {
			isa = XCBuildConfiguration;
			buildSettings = {
				ALWAYS_EMBED_SWIFT_STANDARD_LIBRARIES = YES;
				CODE_SIGN_STYLE = Automatic;
				COMBINE_HIDPI_IMAGES = YES;
				CURRENT_PROJECT_VERSION = 1;
				DEVELOPMENT_TEAM = AN3AD57NU8;
				GENERATE_INFOPLIST_FILE = YES;
				LD_RUNPATH_SEARCH_PATHS = (
					"$(inherited)",
					"@executable_path/../Frameworks",
					"@loader_path/../Frameworks",
				);
				MACOSX_DEPLOYMENT_TARGET = 11.4;
				MARKETING_VERSION = 1.0;
				PRODUCT_BUNDLE_IDENTIFIER = "TD.Tests-macOS";
				PRODUCT_NAME = "$(TARGET_NAME)";
				SDKROOT = macosx;
				SWIFT_EMIT_LOC_STRINGS = NO;
				SWIFT_VERSION = 5.0;
				TEST_TARGET_NAME = "Module-2-Final (macOS)";
			};
			name = Release;
		};
/* End XCBuildConfiguration section */

/* Begin XCConfigurationList section */
		59D76A69269FB89C00BF5267 /* Build configuration list for PBXProject "Module-2-Final" */ = {
			isa = XCConfigurationList;
			buildConfigurations = (
				59D76A93269FB8A100BF5267 /* Debug */,
				59D76A94269FB8A100BF5267 /* Release */,
			);
			defaultConfigurationIsVisible = 0;
			defaultConfigurationName = Release;
		};
		59D76A95269FB8A100BF5267 /* Build configuration list for PBXNativeTarget "Module-2-Final (iOS)" */ = {
			isa = XCConfigurationList;
			buildConfigurations = (
				59D76A96269FB8A100BF5267 /* Debug */,
				59D76A97269FB8A100BF5267 /* Release */,
			);
			defaultConfigurationIsVisible = 0;
			defaultConfigurationName = Release;
		};
		59D76A98269FB8A100BF5267 /* Build configuration list for PBXNativeTarget "Module-2-Final (macOS)" */ = {
			isa = XCConfigurationList;
			buildConfigurations = (
				59D76A99269FB8A100BF5267 /* Debug */,
				59D76A9A269FB8A100BF5267 /* Release */,
			);
			defaultConfigurationIsVisible = 0;
			defaultConfigurationName = Release;
		};
		59D76A9B269FB8A100BF5267 /* Build configuration list for PBXNativeTarget "Tests iOS" */ = {
			isa = XCConfigurationList;
			buildConfigurations = (
				59D76A9C269FB8A100BF5267 /* Debug */,
				59D76A9D269FB8A100BF5267 /* Release */,
			);
			defaultConfigurationIsVisible = 0;
			defaultConfigurationName = Release;
		};
		59D76A9E269FB8A100BF5267 /* Build configuration list for PBXNativeTarget "Tests macOS" */ = {
			isa = XCConfigurationList;
			buildConfigurations = (
				59D76A9F269FB8A100BF5267 /* Debug */,
				59D76AA0269FB8A100BF5267 /* Release */,
			);
			defaultConfigurationIsVisible = 0;
			defaultConfigurationName = Release;
		};
/* End XCConfigurationList section */
	};
	rootObject = 59D76A66269FB89C00BF5267 /* Project object */;
}
